
Microsoft Visual Studio Solution File, Format Version 12.00
# Visual Studio Version 17
VisualStudioVersion = 17.14.36518.9 d17.14
MinimumVisualStudioVersion = 10.0.40219.1
Project("{FAE04EC0-301F-11D3-BF4B-00C04F79EFBC}") = "Biblioteca", "Biblioteca\Biblioteca.csproj", "{36C8C843-8395-4539-93C5-97CF39F2FA0D}"
EndProject
Global
	GlobalSection(SolutionConfigurationPlatforms) = preSolution
		Debug|Any CPU = Debug|Any CPU
		Release|Any CPU = Release|Any CPU
	EndGlobalSection
	GlobalSection(ProjectConfigurationPlatforms) = postSolution
		{36C8C843-8395-4539-93C5-97CF39F2FA0D}.Debug|Any CPU.ActiveCfg = Debug|Any CPU
		{36C8C843-8395-4539-93C5-97CF39F2FA0D}.Debug|Any CPU.Build.0 = Debug|Any CPU
		{36C8C843-8395-4539-93C5-97CF39F2FA0D}.Release|Any CPU.ActiveCfg = Release|Any CPU
		{36C8C843-8395-4539-93C5-97CF39F2FA0D}.Release|Any CPU.Build.0 = Release|Any CPU
	EndGlobalSection
	GlobalSection(SolutionProperties) = preSolution
		HideSolutionNode = FALSE
	EndGlobalSection
	GlobalSection(ExtensibilityGlobals) = postSolution
		SolutionGuid = {4BD88EE9-1B25-4761-AA5B-640B9D2E81A4}
	EndGlobalSection
EndGlobal
